// !$*UTF8*$!
{
	archiveVersion = 1;
	classes = {
	};
	objectVersion = 51;
	objects = {

/* Begin PBXBuildFile section */
		5D36CA7177075D47DAB9EC31 /* Pods_CustomLoginDemo_CustomLoginDemoUITests.framework in Frameworks */ = {isa = PBXBuildFile; fileRef = F0E5C6D4CFCDDF673CDBAA3C /* Pods_CustomLoginDemo_CustomLoginDemoUITests.framework */; };
		6058B55024986B5D009DF3C5 /* AppDelegate.swift in Sources */ = {isa = PBXBuildFile; fileRef = 6058B54F24986B5D009DF3C5 /* AppDelegate.swift */; };
		6058B55224986B5D009DF3C5 /* SceneDelegate.swift in Sources */ = {isa = PBXBuildFile; fileRef = 6058B55124986B5D009DF3C5 /* SceneDelegate.swift */; };
		6058B55424986B5D009DF3C5 /* ViewController.swift in Sources */ = {isa = PBXBuildFile; fileRef = 6058B55324986B5D009DF3C5 /* ViewController.swift */; };
		6058B55724986B5D009DF3C5 /* Main.storyboard in Resources */ = {isa = PBXBuildFile; fileRef = 6058B55524986B5D009DF3C5 /* Main.storyboard */; };
		6058B55924986B5F009DF3C5 /* Assets.xcassets in Resources */ = {isa = PBXBuildFile; fileRef = 6058B55824986B5F009DF3C5 /* Assets.xcassets */; };
		6058B55C24986B5F009DF3C5 /* LaunchScreen.storyboard in Resources */ = {isa = PBXBuildFile; fileRef = 6058B55A24986B5F009DF3C5 /* LaunchScreen.storyboard */; };
		6058B56724986B5F009DF3C5 /* CustomLoginDemoTests.swift in Sources */ = {isa = PBXBuildFile; fileRef = 6058B56624986B5F009DF3C5 /* CustomLoginDemoTests.swift */; };
		6058B57224986B5F009DF3C5 /* CustomLoginDemoUITests.swift in Sources */ = {isa = PBXBuildFile; fileRef = 6058B57124986B5F009DF3C5 /* CustomLoginDemoUITests.swift */; };
		6058B58024986ED7009DF3C5 /* SignUpViewController.swift in Sources */ = {isa = PBXBuildFile; fileRef = 6058B57F24986ED7009DF3C5 /* SignUpViewController.swift */; };
		6058B58224986F0A009DF3C5 /* LoginViewController.swift in Sources */ = {isa = PBXBuildFile; fileRef = 6058B58124986F0A009DF3C5 /* LoginViewController.swift */; };
		6058B58424986F26009DF3C5 /* HomeViewController.swift in Sources */ = {isa = PBXBuildFile; fileRef = 6058B58324986F26009DF3C5 /* HomeViewController.swift */; };
		6058B58C2498AC53009DF3C5 /* GoogleService-Info.plist in Resources */ = {isa = PBXBuildFile; fileRef = 6058B58B2498AC53009DF3C5 /* GoogleService-Info.plist */; };
		607024CF2498AFA2000AEC88 /* Utilities.swift in Sources */ = {isa = PBXBuildFile; fileRef = 607024CD2498AFA2000AEC88 /* Utilities.swift */; };
		607024D42498D06E000AEC88 /* Constants.swift in Sources */ = {isa = PBXBuildFile; fileRef = 607024D32498D06E000AEC88 /* Constants.swift */; };
		6CCB572810377D9A17ED6E40 /* Pods_CustomLoginDemo.framework in Frameworks */ = {isa = PBXBuildFile; fileRef = C21A89700378B3D1B01C766F /* Pods_CustomLoginDemo.framework */; };
		9EC2437400B1C7AAEBD997D5 /* Pods_CustomLoginDemoTests.framework in Frameworks */ = {isa = PBXBuildFile; fileRef = 464D731C98CA1BB0FE78309F /* Pods_CustomLoginDemoTests.framework */; };
/* End PBXBuildFile section */

/* Begin PBXContainerItemProxy section */
		6058B56324986B5F009DF3C5 /* PBXContainerItemProxy */ = {
			isa = PBXContainerItemProxy;
			containerPortal = 6058B54424986B5D009DF3C5 /* Project object */;
			proxyType = 1;
			remoteGlobalIDString = 6058B54B24986B5D009DF3C5;
			remoteInfo = CustomLoginDemo;
		};
		6058B56E24986B5F009DF3C5 /* PBXContainerItemProxy */ = {
			isa = PBXContainerItemProxy;
			containerPortal = 6058B54424986B5D009DF3C5 /* Project object */;
			proxyType = 1;
			remoteGlobalIDString = 6058B54B24986B5D009DF3C5;
			remoteInfo = CustomLoginDemo;
		};
/* End PBXContainerItemProxy section */

/* Begin PBXFileReference section */
		1552924DF67A162EEF1A8F74 /* Pods-CustomLoginDemo.debug.xcconfig */ = {isa = PBXFileReference; includeInIndex = 1; lastKnownFileType = text.xcconfig; name = "Pods-CustomLoginDemo.debug.xcconfig"; path = "Target Support Files/Pods-CustomLoginDemo/Pods-CustomLoginDemo.debug.xcconfig"; sourceTree = "<group>"; };
		33590B7D28AA53AA668F53CA /* Pods-CustomLoginDemo-CustomLoginDemoUITests.release.xcconfig */ = {isa = PBXFileReference; includeInIndex = 1; lastKnownFileType = text.xcconfig; name = "Pods-CustomLoginDemo-CustomLoginDemoUITests.release.xcconfig"; path = "Target Support Files/Pods-CustomLoginDemo-CustomLoginDemoUITests/Pods-CustomLoginDemo-CustomLoginDemoUITests.release.xcconfig"; sourceTree = "<group>"; };
		464D731C98CA1BB0FE78309F /* Pods_CustomLoginDemoTests.framework */ = {isa = PBXFileReference; explicitFileType = wrapper.framework; includeInIndex = 0; path = Pods_CustomLoginDemoTests.framework; sourceTree = BUILT_PRODUCTS_DIR; };
		6058B54C24986B5D009DF3C5 /* CustomLoginDemo.app */ = {isa = PBXFileReference; explicitFileType = wrapper.application; includeInIndex = 0; path = CustomLoginDemo.app; sourceTree = BUILT_PRODUCTS_DIR; };
		6058B54F24986B5D009DF3C5 /* AppDelegate.swift */ = {isa = PBXFileReference; lastKnownFileType = sourcecode.swift; path = AppDelegate.swift; sourceTree = "<group>"; };
		6058B55124986B5D009DF3C5 /* SceneDelegate.swift */ = {isa = PBXFileReference; lastKnownFileType = sourcecode.swift; path = SceneDelegate.swift; sourceTree = "<group>"; };
		6058B55324986B5D009DF3C5 /* ViewController.swift */ = {isa = PBXFileReference; lastKnownFileType = sourcecode.swift; path = ViewController.swift; sourceTree = "<group>"; };
		6058B55624986B5D009DF3C5 /* Base */ = {isa = PBXFileReference; lastKnownFileType = file.storyboard; name = Base; path = Base.lproj/Main.storyboard; sourceTree = "<group>"; };
		6058B55824986B5F009DF3C5 /* Assets.xcassets */ = {isa = PBXFileReference; lastKnownFileType = folder.assetcatalog; path = Assets.xcassets; sourceTree = "<group>"; };
		6058B55B24986B5F009DF3C5 /* Base */ = {isa = PBXFileReference; lastKnownFileType = file.storyboard; name = Base; path = Base.lproj/LaunchScreen.storyboard; sourceTree = "<group>"; };
		6058B55D24986B5F009DF3C5 /* Info.plist */ = {isa = PBXFileReference; lastKnownFileType = text.plist.xml; path = Info.plist; sourceTree = "<group>"; };
		6058B56224986B5F009DF3C5 /* CustomLoginDemoTests.xctest */ = {isa = PBXFileReference; explicitFileType = wrapper.cfbundle; includeInIndex = 0; path = CustomLoginDemoTests.xctest; sourceTree = BUILT_PRODUCTS_DIR; };
		6058B56624986B5F009DF3C5 /* CustomLoginDemoTests.swift */ = {isa = PBXFileReference; lastKnownFileType = sourcecode.swift; path = CustomLoginDemoTests.swift; sourceTree = "<group>"; };
		6058B56824986B5F009DF3C5 /* Info.plist */ = {isa = PBXFileReference; lastKnownFileType = text.plist.xml; path = Info.plist; sourceTree = "<group>"; };
		6058B56D24986B5F009DF3C5 /* CustomLoginDemoUITests.xctest */ = {isa = PBXFileReference; explicitFileType = wrapper.cfbundle; includeInIndex = 0; path = CustomLoginDemoUITests.xctest; sourceTree = BUILT_PRODUCTS_DIR; };
		6058B57124986B5F009DF3C5 /* CustomLoginDemoUITests.swift */ = {isa = PBXFileReference; lastKnownFileType = sourcecode.swift; path = CustomLoginDemoUITests.swift; sourceTree = "<group>"; };
		6058B57324986B5F009DF3C5 /* Info.plist */ = {isa = PBXFileReference; lastKnownFileType = text.plist.xml; path = Info.plist; sourceTree = "<group>"; };
		6058B57F24986ED7009DF3C5 /* SignUpViewController.swift */ = {isa = PBXFileReference; lastKnownFileType = sourcecode.swift; path = SignUpViewController.swift; sourceTree = "<group>"; };
		6058B58124986F0A009DF3C5 /* LoginViewController.swift */ = {isa = PBXFileReference; lastKnownFileType = sourcecode.swift; path = LoginViewController.swift; sourceTree = "<group>"; };
		6058B58324986F26009DF3C5 /* HomeViewController.swift */ = {isa = PBXFileReference; lastKnownFileType = sourcecode.swift; path = HomeViewController.swift; sourceTree = "<group>"; };
		6058B58B2498AC53009DF3C5 /* GoogleService-Info.plist */ = {isa = PBXFileReference; fileEncoding = 4; lastKnownFileType = text.plist.xml; path = "GoogleService-Info.plist"; sourceTree = "<group>"; };
		607024CD2498AFA2000AEC88 /* Utilities.swift */ = {isa = PBXFileReference; fileEncoding = 4; lastKnownFileType = sourcecode.swift; path = Utilities.swift; sourceTree = "<group>"; };
		607024D32498D06E000AEC88 /* Constants.swift */ = {isa = PBXFileReference; lastKnownFileType = sourcecode.swift; path = Constants.swift; sourceTree = "<group>"; };
		71EA3BB5D016C7F7F42B9025 /* Pods-CustomLoginDemoTests.debug.xcconfig */ = {isa = PBXFileReference; includeInIndex = 1; lastKnownFileType = text.xcconfig; name = "Pods-CustomLoginDemoTests.debug.xcconfig"; path = "Target Support Files/Pods-CustomLoginDemoTests/Pods-CustomLoginDemoTests.debug.xcconfig"; sourceTree = "<group>"; };
		BA103616F90C27118B025DA1 /* Pods-CustomLoginDemoTests.release.xcconfig */ = {isa = PBXFileReference; includeInIndex = 1; lastKnownFileType = text.xcconfig; name = "Pods-CustomLoginDemoTests.release.xcconfig"; path = "Target Support Files/Pods-CustomLoginDemoTests/Pods-CustomLoginDemoTests.release.xcconfig"; sourceTree = "<group>"; };
		C21A89700378B3D1B01C766F /* Pods_CustomLoginDemo.framework */ = {isa = PBXFileReference; explicitFileType = wrapper.framework; includeInIndex = 0; path = Pods_CustomLoginDemo.framework; sourceTree = BUILT_PRODUCTS_DIR; };
		CCA55EDA9B0A44793BD4891D /* Pods-CustomLoginDemo.release.xcconfig */ = {isa = PBXFileReference; includeInIndex = 1; lastKnownFileType = text.xcconfig; name = "Pods-CustomLoginDemo.release.xcconfig"; path = "Target Support Files/Pods-CustomLoginDemo/Pods-CustomLoginDemo.release.xcconfig"; sourceTree = "<group>"; };
		F0E5C6D4CFCDDF673CDBAA3C /* Pods_CustomLoginDemo_CustomLoginDemoUITests.framework */ = {isa = PBXFileReference; explicitFileType = wrapper.framework; includeInIndex = 0; path = Pods_CustomLoginDemo_CustomLoginDemoUITests.framework; sourceTree = BUILT_PRODUCTS_DIR; };
		F28409616394A5561D431C66 /* Pods-CustomLoginDemo-CustomLoginDemoUITests.debug.xcconfig */ = {isa = PBXFileReference; includeInIndex = 1; lastKnownFileType = text.xcconfig; name = "Pods-CustomLoginDemo-CustomLoginDemoUITests.debug.xcconfig"; path = "Target Support Files/Pods-CustomLoginDemo-CustomLoginDemoUITests/Pods-CustomLoginDemo-CustomLoginDemoUITests.debug.xcconfig"; sourceTree = "<group>"; };
/* End PBXFileReference section */

/* Begin PBXFrameworksBuildPhase section */
		6058B54924986B5D009DF3C5 /* Frameworks */ = {
			isa = PBXFrameworksBuildPhase;
			buildActionMask = 2147483647;
			files = (
				6CCB572810377D9A17ED6E40 /* Pods_CustomLoginDemo.framework in Frameworks */,
			);
			runOnlyForDeploymentPostprocessing = 0;
		};
		6058B55F24986B5F009DF3C5 /* Frameworks */ = {
			isa = PBXFrameworksBuildPhase;
			buildActionMask = 2147483647;
			files = (
				9EC2437400B1C7AAEBD997D5 /* Pods_CustomLoginDemoTests.framework in Frameworks */,
			);
			runOnlyForDeploymentPostprocessing = 0;
		};
		6058B56A24986B5F009DF3C5 /* Frameworks */ = {
			isa = PBXFrameworksBuildPhase;
			buildActionMask = 2147483647;
			files = (
				5D36CA7177075D47DAB9EC31 /* Pods_CustomLoginDemo_CustomLoginDemoUITests.framework in Frameworks */,
			);
			runOnlyForDeploymentPostprocessing = 0;
		};
/* End PBXFrameworksBuildPhase section */

/* Begin PBXGroup section */
		6058B54324986B5D009DF3C5 = {
			isa = PBXGroup;
			children = (
				6058B54E24986B5D009DF3C5 /* CustomLoginDemo */,
				6058B56524986B5F009DF3C5 /* CustomLoginDemoTests */,
				6058B57024986B5F009DF3C5 /* CustomLoginDemoUITests */,
				6058B54D24986B5D009DF3C5 /* Products */,
				FCE859D53E3A3A207A93A586 /* Pods */,
				91202689CEA442DCD15BC95B /* Frameworks */,
			);
			sourceTree = "<group>";
		};
		6058B54D24986B5D009DF3C5 /* Products */ = {
			isa = PBXGroup;
			children = (
				6058B54C24986B5D009DF3C5 /* CustomLoginDemo.app */,
				6058B56224986B5F009DF3C5 /* CustomLoginDemoTests.xctest */,
				6058B56D24986B5F009DF3C5 /* CustomLoginDemoUITests.xctest */,
			);
			name = Products;
			sourceTree = "<group>";
		};
		6058B54E24986B5D009DF3C5 /* CustomLoginDemo */ = {
			isa = PBXGroup;
			children = (
				6058B58624988258009DF3C5 /* Helpers */,
				6058B58524986F2E009DF3C5 /* View Controllers */,
				6058B54F24986B5D009DF3C5 /* AppDelegate.swift */,
				6058B55124986B5D009DF3C5 /* SceneDelegate.swift */,
				6058B55524986B5D009DF3C5 /* Main.storyboard */,
				6058B55824986B5F009DF3C5 /* Assets.xcassets */,
				6058B55A24986B5F009DF3C5 /* LaunchScreen.storyboard */,
				6058B55D24986B5F009DF3C5 /* Info.plist */,
				6058B58B2498AC53009DF3C5 /* GoogleService-Info.plist */,
			);
			path = CustomLoginDemo;
			sourceTree = "<group>";
		};
		6058B56524986B5F009DF3C5 /* CustomLoginDemoTests */ = {
			isa = PBXGroup;
			children = (
				6058B56624986B5F009DF3C5 /* CustomLoginDemoTests.swift */,
				6058B56824986B5F009DF3C5 /* Info.plist */,
			);
			path = CustomLoginDemoTests;
			sourceTree = "<group>";
		};
		6058B57024986B5F009DF3C5 /* CustomLoginDemoUITests */ = {
			isa = PBXGroup;
			children = (
				6058B57124986B5F009DF3C5 /* CustomLoginDemoUITests.swift */,
				6058B57324986B5F009DF3C5 /* Info.plist */,
			);
			path = CustomLoginDemoUITests;
			sourceTree = "<group>";
		};
		6058B58524986F2E009DF3C5 /* View Controllers */ = {
			isa = PBXGroup;
			children = (
				6058B55324986B5D009DF3C5 /* ViewController.swift */,
				6058B57F24986ED7009DF3C5 /* SignUpViewController.swift */,
				6058B58124986F0A009DF3C5 /* LoginViewController.swift */,
				6058B58324986F26009DF3C5 /* HomeViewController.swift */,
			);
			path = "View Controllers";
			sourceTree = "<group>";
		};
		6058B58624988258009DF3C5 /* Helpers */ = {
			isa = PBXGroup;
			children = (
				607024CD2498AFA2000AEC88 /* Utilities.swift */,
				607024D32498D06E000AEC88 /* Constants.swift */,
			);
			path = Helpers;
			sourceTree = "<group>";
		};
		91202689CEA442DCD15BC95B /* Frameworks */ = {
			isa = PBXGroup;
			children = (
				C21A89700378B3D1B01C766F /* Pods_CustomLoginDemo.framework */,
				F0E5C6D4CFCDDF673CDBAA3C /* Pods_CustomLoginDemo_CustomLoginDemoUITests.framework */,
				464D731C98CA1BB0FE78309F /* Pods_CustomLoginDemoTests.framework */,
			);
			name = Frameworks;
			sourceTree = "<group>";
		};
		FCE859D53E3A3A207A93A586 /* Pods */ = {
			isa = PBXGroup;
			children = (
				1552924DF67A162EEF1A8F74 /* Pods-CustomLoginDemo.debug.xcconfig */,
				CCA55EDA9B0A44793BD4891D /* Pods-CustomLoginDemo.release.xcconfig */,
				F28409616394A5561D431C66 /* Pods-CustomLoginDemo-CustomLoginDemoUITests.debug.xcconfig */,
				33590B7D28AA53AA668F53CA /* Pods-CustomLoginDemo-CustomLoginDemoUITests.release.xcconfig */,
				71EA3BB5D016C7F7F42B9025 /* Pods-CustomLoginDemoTests.debug.xcconfig */,
				BA103616F90C27118B025DA1 /* Pods-CustomLoginDemoTests.release.xcconfig */,
			);
			path = Pods;
			sourceTree = "<group>";
		};
/* End PBXGroup section */

/* Begin PBXNativeTarget section */
		6058B54B24986B5D009DF3C5 /* CustomLoginDemo */ = {
			isa = PBXNativeTarget;
			buildConfigurationList = 6058B57624986B5F009DF3C5 /* Build configuration list for PBXNativeTarget "CustomLoginDemo" */;
			buildPhases = (
				701D3B88E7E11E315A2EFB11 /* [CP] Check Pods Manifest.lock */,
				6058B54824986B5D009DF3C5 /* Sources */,
				6058B54924986B5D009DF3C5 /* Frameworks */,
				6058B54A24986B5D009DF3C5 /* Resources */,
				722EA9E2481C58C559E27CA4 /* [CP] Embed Pods Frameworks */,
			);
			buildRules = (
			);
			dependencies = (
			);
			name = CustomLoginDemo;
			productName = CustomLoginDemo;
			productReference = 6058B54C24986B5D009DF3C5 /* CustomLoginDemo.app */;
			productType = "com.apple.product-type.application";
		};
		6058B56124986B5F009DF3C5 /* CustomLoginDemoTests */ = {
			isa = PBXNativeTarget;
			buildConfigurationList = 6058B57924986B5F009DF3C5 /* Build configuration list for PBXNativeTarget "CustomLoginDemoTests" */;
			buildPhases = (
				CFAB9C812791A563935BBA20 /* [CP] Check Pods Manifest.lock */,
				6058B55E24986B5F009DF3C5 /* Sources */,
				6058B55F24986B5F009DF3C5 /* Frameworks */,
				6058B56024986B5F009DF3C5 /* Resources */,
			);
			buildRules = (
			);
			dependencies = (
				6058B56424986B5F009DF3C5 /* PBXTargetDependency */,
			);
			name = CustomLoginDemoTests;
			productName = CustomLoginDemoTests;
			productReference = 6058B56224986B5F009DF3C5 /* CustomLoginDemoTests.xctest */;
			productType = "com.apple.product-type.bundle.unit-test";
		};
		6058B56C24986B5F009DF3C5 /* CustomLoginDemoUITests */ = {
			isa = PBXNativeTarget;
			buildConfigurationList = 6058B57C24986B5F009DF3C5 /* Build configuration list for PBXNativeTarget "CustomLoginDemoUITests" */;
			buildPhases = (
				1692F10C012CC51E363E0187 /* [CP] Check Pods Manifest.lock */,
				6058B56924986B5F009DF3C5 /* Sources */,
				6058B56A24986B5F009DF3C5 /* Frameworks */,
				6058B56B24986B5F009DF3C5 /* Resources */,
				0A758B1B683DD6FD86B9B4F1 /* [CP] Embed Pods Frameworks */,
			);
			buildRules = (
			);
			dependencies = (
				6058B56F24986B5F009DF3C5 /* PBXTargetDependency */,
			);
			name = CustomLoginDemoUITests;
			productName = CustomLoginDemoUITests;
			productReference = 6058B56D24986B5F009DF3C5 /* CustomLoginDemoUITests.xctest */;
			productType = "com.apple.product-type.bundle.ui-testing";
		};
/* End PBXNativeTarget section */

/* Begin PBXProject section */
		6058B54424986B5D009DF3C5 /* Project object */ = {
			isa = PBXProject;
			attributes = {
				LastSwiftUpdateCheck = 1130;
				LastUpgradeCheck = 1130;
				ORGANIZATIONNAME = "Ngo Van Quan";
				TargetAttributes = {
					6058B54B24986B5D009DF3C5 = {
						CreatedOnToolsVersion = 11.3.1;
					};
					6058B56124986B5F009DF3C5 = {
						CreatedOnToolsVersion = 11.3.1;
						TestTargetID = 6058B54B24986B5D009DF3C5;
					};
					6058B56C24986B5F009DF3C5 = {
						CreatedOnToolsVersion = 11.3.1;
						TestTargetID = 6058B54B24986B5D009DF3C5;
					};
				};
			};
			buildConfigurationList = 6058B54724986B5D009DF3C5 /* Build configuration list for PBXProject "CustomLoginDemo" */;
			compatibilityVersion = "Xcode 9.3";
			developmentRegion = en;
			hasScannedForEncodings = 0;
			knownRegions = (
				en,
				Base,
			);
			mainGroup = 6058B54324986B5D009DF3C5;
			productRefGroup = 6058B54D24986B5D009DF3C5 /* Products */;
			projectDirPath = "";
			projectRoot = "";
			targets = (
				6058B54B24986B5D009DF3C5 /* CustomLoginDemo */,
				6058B56124986B5F009DF3C5 /* CustomLoginDemoTests */,
				6058B56C24986B5F009DF3C5 /* CustomLoginDemoUITests */,
			);
		};
/* End PBXProject section */

/* Begin PBXResourcesBuildPhase section */
		6058B54A24986B5D009DF3C5 /* Resources */ = {
			isa = PBXResourcesBuildPhase;
			buildActionMask = 2147483647;
			files = (
				6058B55C24986B5F009DF3C5 /* LaunchScreen.storyboard in Resources */,
				6058B58C2498AC53009DF3C5 /* GoogleService-Info.plist in Resources */,
				6058B55924986B5F009DF3C5 /* Assets.xcassets in Resources */,
				6058B55724986B5D009DF3C5 /* Main.storyboard in Resources */,
			);
			runOnlyForDeploymentPostprocessing = 0;
		};
		6058B56024986B5F009DF3C5 /* Resources */ = {
			isa = PBXResourcesBuildPhase;
			buildActionMask = 2147483647;
			files = (
			);
			runOnlyForDeploymentPostprocessing = 0;
		};
		6058B56B24986B5F009DF3C5 /* Resources */ = {
			isa = PBXResourcesBuildPhase;
			buildActionMask = 2147483647;
			files = (
			);
			runOnlyForDeploymentPostprocessing = 0;
		};
/* End PBXResourcesBuildPhase section */

/* Begin PBXShellScriptBuildPhase section */
		0A758B1B683DD6FD86B9B4F1 /* [CP] Embed Pods Frameworks */ = {
			isa = PBXShellScriptBuildPhase;
			buildActionMask = 2147483647;
			files = (
			);
			inputFileListPaths = (
				"${PODS_ROOT}/Target Support Files/Pods-CustomLoginDemo-CustomLoginDemoUITests/Pods-CustomLoginDemo-CustomLoginDemoUITests-frameworks-${CONFIGURATION}-input-files.xcfilelist",
			);
			name = "[CP] Embed Pods Frameworks";
			outputFileListPaths = (
				"${PODS_ROOT}/Target Support Files/Pods-CustomLoginDemo-CustomLoginDemoUITests/Pods-CustomLoginDemo-CustomLoginDemoUITests-frameworks-${CONFIGURATION}-output-files.xcfilelist",
			);
			runOnlyForDeploymentPostprocessing = 0;
			shellPath = /bin/sh;
			shellScript = "\"${PODS_ROOT}/Target Support Files/Pods-CustomLoginDemo-CustomLoginDemoUITests/Pods-CustomLoginDemo-CustomLoginDemoUITests-frameworks.sh\"\n";
			showEnvVarsInLog = 0;
		};
		1692F10C012CC51E363E0187 /* [CP] Check Pods Manifest.lock */ = {
			isa = PBXShellScriptBuildPhase;
			buildActionMask = 2147483647;
			files = (
			);
			inputFileListPaths = (
			);
			inputPaths = (
				"${PODS_PODFILE_DIR_PATH}/Podfile.lock",
				"${PODS_ROOT}/Manifest.lock",
			);
			name = "[CP] Check Pods Manifest.lock";
			outputFileListPaths = (
			);
			outputPaths = (
				"$(DERIVED_FILE_DIR)/Pods-CustomLoginDemo-CustomLoginDemoUITests-checkManifestLockResult.txt",
			);
			runOnlyForDeploymentPostprocessing = 0;
			shellPath = /bin/sh;
			shellScript = "diff \"${PODS_PODFILE_DIR_PATH}/Podfile.lock\" \"${PODS_ROOT}/Manifest.lock\" > /dev/null\nif [ $? != 0 ] ; then\n    # print error to STDERR\n    echo \"error: The sandbox is not in sync with the Podfile.lock. Run 'pod install' or update your CocoaPods installation.\" >&2\n    exit 1\nfi\n# This output is used by Xcode 'outputs' to avoid re-running this script phase.\necho \"SUCCESS\" > \"${SCRIPT_OUTPUT_FILE_0}\"\n";
			showEnvVarsInLog = 0;
		};
		701D3B88E7E11E315A2EFB11 /* [CP] Check Pods Manifest.lock */ = {
			isa = PBXShellScriptBuildPhase;
			buildActionMask = 2147483647;
			files = (
			);
			inputFileListPaths = (
			);
			inputPaths = (
				"${PODS_PODFILE_DIR_PATH}/Podfile.lock",
				"${PODS_ROOT}/Manifest.lock",
			);
			name = "[CP] Check Pods Manifest.lock";
			outputFileListPaths = (
			);
			outputPaths = (
				"$(DERIVED_FILE_DIR)/Pods-CustomLoginDemo-checkManifestLockResult.txt",
			);
			runOnlyForDeploymentPostprocessing = 0;
			shellPath = /bin/sh;
			shellScript = "diff \"${PODS_PODFILE_DIR_PATH}/Podfile.lock\" \"${PODS_ROOT}/Manifest.lock\" > /dev/null\nif [ $? != 0 ] ; then\n    # print error to STDERR\n    echo \"error: The sandbox is not in sync with the Podfile.lock. Run 'pod install' or update your CocoaPods installation.\" >&2\n    exit 1\nfi\n# This output is used by Xcode 'outputs' to avoid re-running this script phase.\necho \"SUCCESS\" > \"${SCRIPT_OUTPUT_FILE_0}\"\n";
			showEnvVarsInLog = 0;
		};
		722EA9E2481C58C559E27CA4 /* [CP] Embed Pods Frameworks */ = {
			isa = PBXShellScriptBuildPhase;
			buildActionMask = 2147483647;
			files = (
			);
			inputFileListPaths = (
				"${PODS_ROOT}/Target Support Files/Pods-CustomLoginDemo/Pods-CustomLoginDemo-frameworks-${CONFIGURATION}-input-files.xcfilelist",
			);
			name = "[CP] Embed Pods Frameworks";
			outputFileListPaths = (
				"${PODS_ROOT}/Target Support Files/Pods-CustomLoginDemo/Pods-CustomLoginDemo-frameworks-${CONFIGURATION}-output-files.xcfilelist",
			);
			runOnlyForDeploymentPostprocessing = 0;
			shellPath = /bin/sh;
			shellScript = "\"${PODS_ROOT}/Target Support Files/Pods-CustomLoginDemo/Pods-CustomLoginDemo-frameworks.sh\"\n";
			showEnvVarsInLog = 0;
		};
		CFAB9C812791A563935BBA20 /* [CP] Check Pods Manifest.lock */ = {
			isa = PBXShellScriptBuildPhase;
			buildActionMask = 2147483647;
			files = (
			);
			inputFileListPaths = (
			);
			inputPaths = (
				"${PODS_PODFILE_DIR_PATH}/Podfile.lock",
				"${PODS_ROOT}/Manifest.lock",
			);
			name = "[CP] Check Pods Manifest.lock";
			outputFileListPaths = (
			);
			outputPaths = (
				"$(DERIVED_FILE_DIR)/Pods-CustomLoginDemoTests-checkManifestLockResult.txt",
			);
			runOnlyForDeploymentPostprocessing = 0;
			shellPath = /bin/sh;
			shellScript = "diff \"${PODS_PODFILE_DIR_PATH}/Podfile.lock\" \"${PODS_ROOT}/Manifest.lock\" > /dev/null\nif [ $? != 0 ] ; then\n    # print error to STDERR\n    echo \"error: The sandbox is not in sync with the Podfile.lock. Run 'pod install' or update your CocoaPods installation.\" >&2\n    exit 1\nfi\n# This output is used by Xcode 'outputs' to avoid re-running this script phase.\necho \"SUCCESS\" > \"${SCRIPT_OUTPUT_FILE_0}\"\n";
			showEnvVarsInLog = 0;
		};
/* End PBXShellScriptBuildPhase section */

/* Begin PBXSourcesBuildPhase section */
		6058B54824986B5D009DF3C5 /* Sources */ = {
			isa = PBXSourcesBuildPhase;
			buildActionMask = 2147483647;
			files = (
				6058B55424986B5D009DF3C5 /* ViewController.swift in Sources */,
				6058B55024986B5D009DF3C5 /* AppDelegate.swift in Sources */,
				607024CF2498AFA2000AEC88 /* Utilities.swift in Sources */,
				6058B58024986ED7009DF3C5 /* SignUpViewController.swift in Sources */,
				6058B58224986F0A009DF3C5 /* LoginViewController.swift in Sources */,
				6058B55224986B5D009DF3C5 /* SceneDelegate.swift in Sources */,
				6058B58424986F26009DF3C5 /* HomeViewController.swift in Sources */,
				607024D42498D06E000AEC88 /* Constants.swift in Sources */,
			);
			runOnlyForDeploymentPostprocessing = 0;
		};
		6058B55E24986B5F009DF3C5 /* Sources */ = {
			isa = PBXSourcesBuildPhase;
			buildActionMask = 2147483647;
			files = (
				6058B56724986B5F009DF3C5 /* CustomLoginDemoTests.swift in Sources */,
			);
			runOnlyForDeploymentPostprocessing = 0;
		};
		6058B56924986B5F009DF3C5 /* Sources */ = {
			isa = PBXSourcesBuildPhase;
			buildActionMask = 2147483647;
			files = (
				6058B57224986B5F009DF3C5 /* CustomLoginDemoUITests.swift in Sources */,
			);
			runOnlyForDeploymentPostprocessing = 0;
		};
/* End PBXSourcesBuildPhase section */

/* Begin PBXTargetDependency section */
		6058B56424986B5F009DF3C5 /* PBXTargetDependency */ = {
			isa = PBXTargetDependency;
			target = 6058B54B24986B5D009DF3C5 /* CustomLoginDemo */;
			targetProxy = 6058B56324986B5F009DF3C5 /* PBXContainerItemProxy */;
		};
		6058B56F24986B5F009DF3C5 /* PBXTargetDependency */ = {
			isa = PBXTargetDependency;
			target = 6058B54B24986B5D009DF3C5 /* CustomLoginDemo */;
			targetProxy = 6058B56E24986B5F009DF3C5 /* PBXContainerItemProxy */;
		};
/* End PBXTargetDependency section */

/* Begin PBXVariantGroup section */
		6058B55524986B5D009DF3C5 /* Main.storyboard */ = {
			isa = PBXVariantGroup;
			children = (
				6058B55624986B5D009DF3C5 /* Base */,
			);
			name = Main.storyboard;
			sourceTree = "<group>";
		};
		6058B55A24986B5F009DF3C5 /* LaunchScreen.storyboard */ = {
			isa = PBXVariantGroup;
			children = (
				6058B55B24986B5F009DF3C5 /* Base */,
			);
			name = LaunchScreen.storyboard;
			sourceTree = "<group>";
		};
/* End PBXVariantGroup section */

/* Begin XCBuildConfiguration section */
		6058B57424986B5F009DF3C5 /* Debug */ = {
			isa = XCBuildConfiguration;
			buildSettings = {
				ALWAYS_SEARCH_USER_PATHS = NO;
				CLANG_ANALYZER_NONNULL = YES;
				CLANG_ANALYZER_NUMBER_OBJECT_CONVERSION = YES_AGGRESSIVE;
				CLANG_CXX_LANGUAGE_STANDARD = "gnu++14";
				CLANG_CXX_LIBRARY = "libc++";
				CLANG_ENABLE_MODULES = YES;
				CLANG_ENABLE_OBJC_ARC = YES;
				CLANG_ENABLE_OBJC_WEAK = YES;
				CLANG_WARN_BLOCK_CAPTURE_AUTORELEASING = YES;
				CLANG_WARN_BOOL_CONVERSION = YES;
				CLANG_WARN_COMMA = YES;
				CLANG_WARN_CONSTANT_CONVERSION = YES;
				CLANG_WARN_DEPRECATED_OBJC_IMPLEMENTATIONS = YES;
				CLANG_WARN_DIRECT_OBJC_ISA_USAGE = YES_ERROR;
				CLANG_WARN_DOCUMENTATION_COMMENTS = YES;
				CLANG_WARN_EMPTY_BODY = YES;
				CLANG_WARN_ENUM_CONVERSION = YES;
				CLANG_WARN_INFINITE_RECURSION = YES;
				CLANG_WARN_INT_CONVERSION = YES;
				CLANG_WARN_NON_LITERAL_NULL_CONVERSION = YES;
				CLANG_WARN_OBJC_IMPLICIT_RETAIN_SELF = YES;
				CLANG_WARN_OBJC_LITERAL_CONVERSION = YES;
				CLANG_WARN_OBJC_ROOT_CLASS = YES_ERROR;
				CLANG_WARN_RANGE_LOOP_ANALYSIS = YES;
				CLANG_WARN_STRICT_PROTOTYPES = YES;
				CLANG_WARN_SUSPICIOUS_MOVE = YES;
				CLANG_WARN_UNGUARDED_AVAILABILITY = YES_AGGRESSIVE;
				CLANG_WARN_UNREACHABLE_CODE = YES;
				CLANG_WARN__DUPLICATE_METHOD_MATCH = YES;
				COPY_PHASE_STRIP = NO;
				DEBUG_INFORMATION_FORMAT = dwarf;
				ENABLE_STRICT_OBJC_MSGSEND = YES;
				ENABLE_TESTABILITY = YES;
				GCC_C_LANGUAGE_STANDARD = gnu11;
				GCC_DYNAMIC_NO_PIC = NO;
				GCC_NO_COMMON_BLOCKS = YES;
				GCC_OPTIMIZATION_LEVEL = 0;
				GCC_PREPROCESSOR_DEFINITIONS = (
					"DEBUG=1",
					"$(inherited)",
				);
				GCC_WARN_64_TO_32_BIT_CONVERSION = YES;
				GCC_WARN_ABOUT_RETURN_TYPE = YES_ERROR;
				GCC_WARN_UNDECLARED_SELECTOR = YES;
				GCC_WARN_UNINITIALIZED_AUTOS = YES_AGGRESSIVE;
				GCC_WARN_UNUSED_FUNCTION = YES;
				GCC_WARN_UNUSED_VARIABLE = YES;
				IPHONEOS_DEPLOYMENT_TARGET = 13.2;
				MTL_ENABLE_DEBUG_INFO = INCLUDE_SOURCE;
				MTL_FAST_MATH = YES;
				ONLY_ACTIVE_ARCH = YES;
				SDKROOT = iphoneos;
				SWIFT_ACTIVE_COMPILATION_CONDITIONS = DEBUG;
				SWIFT_OPTIMIZATION_LEVEL = "-Onone";
			};
			name = Debug;
		};
		6058B57524986B5F009DF3C5 /* Release */ = {
			isa = XCBuildConfiguration;
			buildSettings = {
				ALWAYS_SEARCH_USER_PATHS = NO;
				CLANG_ANALYZER_NONNULL = YES;
				CLANG_ANALYZER_NUMBER_OBJECT_CONVERSION = YES_AGGRESSIVE;
				CLANG_CXX_LANGUAGE_STANDARD = "gnu++14";
				CLANG_CXX_LIBRARY = "libc++";
				CLANG_ENABLE_MODULES = YES;
				CLANG_ENABLE_OBJC_ARC = YES;
				CLANG_ENABLE_OBJC_WEAK = YES;
				CLANG_WARN_BLOCK_CAPTURE_AUTORELEASING = YES;
				CLANG_WARN_BOOL_CONVERSION = YES;
				CLANG_WARN_COMMA = YES;
				CLANG_WARN_CONSTANT_CONVERSION = YES;
				CLANG_WARN_DEPRECATED_OBJC_IMPLEMENTATIONS = YES;
				CLANG_WARN_DIRECT_OBJC_ISA_USAGE = YES_ERROR;
				CLANG_WARN_DOCUMENTATION_COMMENTS = YES;
				CLANG_WARN_EMPTY_BODY = YES;
				CLANG_WARN_ENUM_CONVERSION = YES;
				CLANG_WARN_INFINITE_RECURSION = YES;
				CLANG_WARN_INT_CONVERSION = YES;
				CLANG_WARN_NON_LITERAL_NULL_CONVERSION = YES;
				CLANG_WARN_OBJC_IMPLICIT_RETAIN_SELF = YES;
				CLANG_WARN_OBJC_LITERAL_CONVERSION = YES;
				CLANG_WARN_OBJC_ROOT_CLASS = YES_ERROR;
				CLANG_WARN_RANGE_LOOP_ANALYSIS = YES;
				CLANG_WARN_STRICT_PROTOTYPES = YES;
				CLANG_WARN_SUSPICIOUS_MOVE = YES;
				CLANG_WARN_UNGUARDED_AVAILABILITY = YES_AGGRESSIVE;
				CLANG_WARN_UNREACHABLE_CODE = YES;
				CLANG_WARN__DUPLICATE_METHOD_MATCH = YES;
				COPY_PHASE_STRIP = NO;
				DEBUG_INFORMATION_FORMAT = "dwarf-with-dsym";
				ENABLE_NS_ASSERTIONS = NO;
				ENABLE_STRICT_OBJC_MSGSEND = YES;
				GCC_C_LANGUAGE_STANDARD = gnu11;
				GCC_NO_COMMON_BLOCKS = YES;
				GCC_WARN_64_TO_32_BIT_CONVERSION = YES;
				GCC_WARN_ABOUT_RETURN_TYPE = YES_ERROR;
				GCC_WARN_UNDECLARED_SELECTOR = YES;
				GCC_WARN_UNINITIALIZED_AUTOS = YES_AGGRESSIVE;
				GCC_WARN_UNUSED_FUNCTION = YES;
				GCC_WARN_UNUSED_VARIABLE = YES;
				IPHONEOS_DEPLOYMENT_TARGET = 13.2;
				MTL_ENABLE_DEBUG_INFO = NO;
				MTL_FAST_MATH = YES;
				SDKROOT = iphoneos;
				SWIFT_COMPILATION_MODE = wholemodule;
				SWIFT_OPTIMIZATION_LEVEL = "-O";
				VALIDATE_PRODUCT = YES;
			};
			name = Release;
		};
		6058B57724986B5F009DF3C5 /* Debug */ = {
			isa = XCBuildConfiguration;
			baseConfigurationReference = 1552924DF67A162EEF1A8F74 /* Pods-CustomLoginDemo.debug.xcconfig */;
			buildSettings = {
				ASSETCATALOG_COMPILER_APPICON_NAME = AppIcon;
				CODE_SIGN_STYLE = Automatic;
				DEVELOPMENT_TEAM = T2ZYL8JN5D;
				INFOPLIST_FILE = CustomLoginDemo/Info.plist;
				LD_RUNPATH_SEARCH_PATHS = (
					"$(inherited)",
					"@executable_path/Frameworks",
				);
				PRODUCT_BUNDLE_IDENTIFIER = com.quanngo.CustomLoginDemo;
				PRODUCT_NAME = "$(TARGET_NAME)";
				SWIFT_VERSION = 5.0;
				TARGETED_DEVICE_FAMILY = "1,2";
			};
			name = Debug;
		};
		6058B57824986B5F009DF3C5 /* Release */ = {
			isa = XCBuildConfiguration;
			baseConfigurationReference = CCA55EDA9B0A44793BD4891D /* Pods-CustomLoginDemo.release.xcconfig */;
			buildSettings = {
				ASSETCATALOG_COMPILER_APPICON_NAME = AppIcon;
				CODE_SIGN_STYLE = Automatic;
				DEVELOPMENT_TEAM = T2ZYL8JN5D;
				INFOPLIST_FILE = CustomLoginDemo/Info.plist;
				LD_RUNPATH_SEARCH_PATHS = (
					"$(inherited)",
					"@executable_path/Frameworks",
				);
				PRODUCT_BUNDLE_IDENTIFIER = com.quanngo.CustomLoginDemo;
				PRODUCT_NAME = "$(TARGET_NAME)";
				SWIFT_VERSION = 5.0;
				TARGETED_DEVICE_FAMILY = "1,2";
			};
			name = Release;
		};
		6058B57A24986B5F009DF3C5 /* Debug */ = {
			isa = XCBuildConfiguration;
			baseConfigurationReference = 71EA3BB5D016C7F7F42B9025 /* Pods-CustomLoginDemoTests.debug.xcconfig */;
			buildSettings = {
				ALWAYS_EMBED_SWIFT_STANDARD_LIBRARIES = YES;
				BUNDLE_LOADER = "$(TEST_HOST)";
				CODE_SIGN_STYLE = Automatic;
				DEVELOPMENT_TEAM = T2ZYL8JN5D;
				INFOPLIST_FILE = CustomLoginDemoTests/Info.plist;
				IPHONEOS_DEPLOYMENT_TARGET = 13.2;
				LD_RUNPATH_SEARCH_PATHS = (
					"$(inherited)",
					"@executable_path/Frameworks",
					"@loader_path/Frameworks",
				);
				PRODUCT_BUNDLE_IDENTIFIER = com.quanngo.CustomLoginDemoTests;
				PRODUCT_NAME = "$(TARGET_NAME)";
				SWIFT_VERSION = 5.0;
				TARGETED_DEVICE_FAMILY = "1,2";
				TEST_HOST = "$(BUILT_PRODUCTS_DIR)/CustomLoginDemo.app/CustomLoginDemo";
			};
			name = Debug;
		};
		6058B57B24986B5F009DF3C5 /* Release */ = {
			isa = XCBuildConfiguration;
			baseConfigurationReference = BA103616F90C27118B025DA1 /* Pods-CustomLoginDemoTests.release.xcconfig */;
			buildSettings = {
				ALWAYS_EMBED_SWIFT_STANDARD_LIBRARIES = YES;
				BUNDLE_LOADER = "$(TEST_HOST)";
				CODE_SIGN_STYLE = Automatic;
				DEVELOPMENT_TEAM = T2ZYL8JN5D;
				INFOPLIST_FILE = CustomLoginDemoTests/Info.plist;
				IPHONEOS_DEPLOYMENT_TARGET = 13.2;
				LD_RUNPATH_SEARCH_PATHS = (
					"$(inherited)",
					"@executable_path/Frameworks",
					"@loader_path/Frameworks",
				);
				PRODUCT_BUNDLE_IDENTIFIER = com.quanngo.CustomLoginDemoTests;
				PRODUCT_NAME = "$(TARGET_NAME)";
				SWIFT_VERSION = 5.0;
				TARGETED_DEVICE_FAMILY = "1,2";
				TEST_HOST = "$(BUILT_PRODUCTS_DIR)/CustomLoginDemo.app/CustomLoginDemo";
			};
			name = Release;
		};
		6058B57D24986B5F009DF3C5 /* Debug */ = {
			isa = XCBuildConfiguration;
			baseConfigurationReference = F28409616394A5561D431C66 /* Pods-CustomLoginDemo-CustomLoginDemoUITests.debug.xcconfig */;
			buildSettings = {
				ALWAYS_EMBED_SWIFT_STANDARD_LIBRARIES = YES;
				CODE_SIGN_STYLE = Automatic;
				DEVELOPMENT_TEAM = T2ZYL8JN5D;
				INFOPLIST_FILE = CustomLoginDemoUITests/Info.plist;
				LD_RUNPATH_SEARCH_PATHS = (
					"$(inherited)",
					"@executable_path/Frameworks",
					"@loader_path/Frameworks",
				);
				PRODUCT_BUNDLE_IDENTIFIER = com.quanngo.CustomLoginDemoUITests;
				PRODUCT_NAME = "$(TARGET_NAME)";
				SWIFT_VERSION = 5.0;
				TARGETED_DEVICE_FAMILY = "1,2";
				TEST_TARGET_NAME = CustomLoginDemo;
			};
			name = Debug;
		};
		6058B57E24986B5F009DF3C5 /* Release */ = {
			isa = XCBuildConfiguration;
			baseConfigurationReference = 33590B7D28AA53AA668F53CA /* Pods-CustomLoginDemo-CustomLoginDemoUITests.release.xcconfig */;
			buildSettings = {
				ALWAYS_EMBED_SWIFT_STANDARD_LIBRARIES = YES;
				CODE_SIGN_STYLE = Automatic;
				DEVELOPMENT_TEAM = T2ZYL8JN5D;
				INFOPLIST_FILE = CustomLoginDemoUITests/Info.plist;
				LD_RUNPATH_SEARCH_PATHS = (
					"$(inherited)",
					"@executable_path/Frameworks",
					"@loader_path/Frameworks",
				);
				PRODUCT_BUNDLE_IDENTIFIER = com.quanngo.CustomLoginDemoUITests;
				PRODUCT_NAME = "$(TARGET_NAME)";
				SWIFT_VERSION = 5.0;
				TARGETED_DEVICE_FAMILY = "1,2";
				TEST_TARGET_NAME = CustomLoginDemo;
			};
			name = Release;
		};
/* End XCBuildConfiguration section */

/* Begin XCConfigurationList section */
		6058B54724986B5D009DF3C5 /* Build configuration list for PBXProject "CustomLoginDemo" */ = {
			isa = XCConfigurationList;
			buildConfigurations = (
				6058B57424986B5F009DF3C5 /* Debug */,
				6058B57524986B5F009DF3C5 /* Release */,
			);
			defaultConfigurationIsVisible = 0;
			defaultConfigurationName = Release;
		};
		6058B57624986B5F009DF3C5 /* Build configuration list for PBXNativeTarget "CustomLoginDemo" */ = {
			isa = XCConfigurationList;
			buildConfigurations = (
				6058B57724986B5F009DF3C5 /* Debug */,
				6058B57824986B5F009DF3C5 /* Release */,
			);
			defaultConfigurationIsVisible = 0;
			defaultConfigurationName = Release;
		};
		6058B57924986B5F009DF3C5 /* Build configuration list for PBXNativeTarget "CustomLoginDemoTests" */ = {
			isa = XCConfigurationList;
			buildConfigurations = (
				6058B57A24986B5F009DF3C5 /* Debug */,
				6058B57B24986B5F009DF3C5 /* Release */,
			);
			defaultConfigurationIsVisible = 0;
			defaultConfigurationName = Release;
		};
		6058B57C24986B5F009DF3C5 /* Build configuration list for PBXNativeTarget "CustomLoginDemoUITests" */ = {
			isa = XCConfigurationList;
			buildConfigurations = (
				6058B57D24986B5F009DF3C5 /* Debug */,
				6058B57E24986B5F009DF3C5 /* Release */,
			);
			defaultConfigurationIsVisible = 0;
			defaultConfigurationName = Release;
		};
/* End XCConfigurationList section */
	};
	rootObject = 6058B54424986B5D009DF3C5 /* Project object */;
}
